
Microsoft Visual Studio Solution File, Format Version 12.00
# Visual Studio Version 17
VisualStudioVersion = 17.5.33516.290
MinimumVisualStudioVersion = 10.0.40219.1
Project("{9A19103F-16F7-4668-BE54-9A1E7A4F7556}") = "DotLive02.Server", "DotLive02\Server\DotLive02.Server.csproj", "{E145DFE1-8FF1-4AB8-A39A-A62716B3354B}"
EndProject
Project("{9A19103F-16F7-4668-BE54-9A1E7A4F7556}") = "DotLive02.Client", "DotLive02\Client\DotLive02.Client.csproj", "{7EE72454-2966-4B8D-B20B-C1EBB6C91386}"
EndProject
Project("{9A19103F-16F7-4668-BE54-9A1E7A4F7556}") = "DotLive02.Shared", "DotLive02\Shared\DotLive02.Shared.csproj", "{6A9CD0E4-DDC4-478B-BCCA-B6D799C27820}"
EndProject
Global
	GlobalSection(SolutionConfigurationPlatforms) = preSolution
		Debug|Any CPU = Debug|Any CPU
		Release|Any CPU = Release|Any CPU
	EndGlobalSection
	GlobalSection(ProjectConfigurationPlatforms) = postSolution
		{E145DFE1-8FF1-4AB8-A39A-A62716B3354B}.Debug|Any CPU.ActiveCfg = Debug|Any CPU
		{E145DFE1-8FF1-4AB8-A39A-A62716B3354B}.Debug|Any CPU.Build.0 = Debug|Any CPU
		{E145DFE1-8FF1-4AB8-A39A-A62716B3354B}.Release|Any CPU.ActiveCfg = Release|Any CPU
		{E145DFE1-8FF1-4AB8-A39A-A62716B3354B}.Release|Any CPU.Build.0 = Release|Any CPU
		{7EE72454-2966-4B8D-B20B-C1EBB6C91386}.Debug|Any CPU.ActiveCfg = Debug|Any CPU
		{7EE72454-2966-4B8D-B20B-C1EBB6C91386}.Debug|Any CPU.Build.0 = Debug|Any CPU
		{7EE72454-2966-4B8D-B20B-C1EBB6C91386}.Release|Any CPU.ActiveCfg = Release|Any CPU
		{7EE72454-2966-4B8D-B20B-C1EBB6C91386}.Release|Any CPU.Build.0 = Release|Any CPU
		{6A9CD0E4-DDC4-478B-BCCA-B6D799C27820}.Debug|Any CPU.ActiveCfg = Debug|Any CPU
		{6A9CD0E4-DDC4-478B-BCCA-B6D799C27820}.Debug|Any CPU.Build.0 = Debug|Any CPU
		{6A9CD0E4-DDC4-478B-BCCA-B6D799C27820}.Release|Any CPU.ActiveCfg = Release|Any CPU
		{6A9CD0E4-DDC4-478B-BCCA-B6D799C27820}.Release|Any CPU.Build.0 = Release|Any CPU
	EndGlobalSection
	GlobalSection(SolutionProperties) = preSolution
		HideSolutionNode = FALSE
	EndGlobalSection
	GlobalSection(ExtensibilityGlobals) = postSolution
		SolutionGuid = {BFC8E543-DE2E-4E92-9E10-35A11BEAB564}
	EndGlobalSection
EndGlobal
